// !$*UTF8*$!
{
	archiveVersion = 1;
	classes = {
	};
	objectVersion = 46;
	objects = {

/* Begin PBXBuildFile section */
		03C08A6F1B563F33005BDCC8 /* Slider.m in Sources */ = {isa = PBXBuildFile; fileRef = 03C08A6D1B563F33005BDCC8 /* Slider.m */; };
		03C08A701B563F33005BDCC8 /* Slider.xib in Resources */ = {isa = PBXBuildFile; fileRef = 03C08A6E1B563F33005BDCC8 /* Slider.xib */; };
		03C08A7A1B5744D3005BDCC8 /* IWeather.m in Sources */ = {isa = PBXBuildFile; fileRef = 03C08A781B5744D3005BDCC8 /* IWeather.m */; };
		03C08A7B1B5744D3005BDCC8 /* IWeather.xib in Resources */ = {isa = PBXBuildFile; fileRef = 03C08A791B5744D3005BDCC8 /* IWeather.xib */; };
		03C08A7F1B5762FA005BDCC8 /* IAmRich.m in Sources */ = {isa = PBXBuildFile; fileRef = 03C08A7D1B5762FA005BDCC8 /* IAmRich.m */; };
		03C08A801B5762FA005BDCC8 /* IAmRich.xib in Resources */ = {isa = PBXBuildFile; fileRef = 03C08A7E1B5762FA005BDCC8 /* IAmRich.xib */; };
		03C08A841B576868005BDCC8 /* RunningLED.m in Sources */ = {isa = PBXBuildFile; fileRef = 03C08A821B576868005BDCC8 /* RunningLED.m */; };
		03C08A851B576868005BDCC8 /* RunningLED.xib in Resources */ = {isa = PBXBuildFile; fileRef = 03C08A831B576868005BDCC8 /* RunningLED.xib */; };
		03C9EDDD1B576DC5007C0F9D /* darkBall.png in Resources */ = {isa = PBXBuildFile; fileRef = 03C9EDDB1B576DC5007C0F9D /* darkBall.png */; };
		03C9EDDE1B576DC5007C0F9D /* lightball.png in Resources */ = {isa = PBXBuildFile; fileRef = 03C9EDDC1B576DC5007C0F9D /* lightball.png */; };
		03C9EDE41B578456007C0F9D /* ZigZag.m in Sources */ = {isa = PBXBuildFile; fileRef = 03C9EDE31B578456007C0F9D /* ZigZag.m */; };
		03C9EDE81B589673007C0F9D /* Collection.m in Sources */ = {isa = PBXBuildFile; fileRef = 03C9EDE71B589673007C0F9D /* Collection.m */; };
		03C9EDEE1B58E712007C0F9D /* Player.m in Sources */ = {isa = PBXBuildFile; fileRef = 03C9EDED1B58E712007C0F9D /* Player.m */; };
		03F36B911B5600B900E9C812 /* chat.png in Resources */ = {isa = PBXBuildFile; fileRef = 03F36B901B5600B900E9C812 /* chat.png */; };
		03F6B5241B54A53F00E9B3FE /* main.m in Sources */ = {isa = PBXBuildFile; fileRef = 03F6B5231B54A53F00E9B3FE /* main.m */; };
		03F6B52F1B54A53F00E9B3FE /* Images.xcassets in Resources */ = {isa = PBXBuildFile; fileRef = 03F6B52E1B54A53F00E9B3FE /* Images.xcassets */; };
		03F6B5321B54A53F00E9B3FE /* LaunchScreen.xib in Resources */ = {isa = PBXBuildFile; fileRef = 03F6B5301B54A53F00E9B3FE /* LaunchScreen.xib */; };
		03F6B5501B54A61A00E9B3FE /* AppDelegate.m in Sources */ = {isa = PBXBuildFile; fileRef = 03F6B5491B54A61A00E9B3FE /* AppDelegate.m */; };
		03F6B5511B54A61A00E9B3FE /* BootLogic.m in Sources */ = {isa = PBXBuildFile; fileRef = 03F6B54B1B54A61A00E9B3FE /* BootLogic.m */; };
		03F6B5521B54A61A00E9B3FE /* ConsoleScreen.m in Sources */ = {isa = PBXBuildFile; fileRef = 03F6B54D1B54A61A00E9B3FE /* ConsoleScreen.m */; };
		03F6B5531B54A61A00E9B3FE /* MainScreen.m in Sources */ = {isa = PBXBuildFile; fileRef = 03F6B54F1B54A61A00E9B3FE /* MainScreen.m */; };
		03F6B5671B54B7CC00E9B3FE /* background.png in Resources */ = {isa = PBXBuildFile; fileRef = 03F6B5601B54B7CC00E9B3FE /* background.png */; };
		03F6B5681B54B7CC00E9B3FE /* MaxSpeaker.png in Resources */ = {isa = PBXBuildFile; fileRef = 03F6B5611B54B7CC00E9B3FE /* MaxSpeaker.png */; };
		03F6B5691B54B7CC00E9B3FE /* maxtrack.png in Resources */ = {isa = PBXBuildFile; fileRef = 03F6B5621B54B7CC00E9B3FE /* maxtrack.png */; };
		03F6B56A1B54B7CC00E9B3FE /* mintrack.png in Resources */ = {isa = PBXBuildFile; fileRef = 03F6B5631B54B7CC00E9B3FE /* mintrack.png */; };
		03F6B56B1B54B7CC00E9B3FE /* MuteSpeaker.png in Resources */ = {isa = PBXBuildFile; fileRef = 03F6B5641B54B7CC00E9B3FE /* MuteSpeaker.png */; };
		03F6B56C1B54B7CC00E9B3FE /* thumb.png in Resources */ = {isa = PBXBuildFile; fileRef = 03F6B5651B54B7CC00E9B3FE /* thumb.png */; };
		03F6B56D1B54B7CC00E9B3FE /* track.png in Resources */ = {isa = PBXBuildFile; fileRef = 03F6B5661B54B7CC00E9B3FE /* track.png */; };
/* End PBXBuildFile section */

/* Begin PBXFileReference section */
		03C08A6C1B563F33005BDCC8 /* Slider.h */ = {isa = PBXFileReference; fileEncoding = 4; lastKnownFileType = sourcecode.c.h; path = Slider.h; sourceTree = "<group>"; };
		03C08A6D1B563F33005BDCC8 /* Slider.m */ = {isa = PBXFileReference; fileEncoding = 4; lastKnownFileType = sourcecode.c.objc; path = Slider.m; sourceTree = "<group>"; };
		03C08A6E1B563F33005BDCC8 /* Slider.xib */ = {isa = PBXFileReference; fileEncoding = 4; lastKnownFileType = file.xib; path = Slider.xib; sourceTree = "<group>"; };
		03C08A771B5744D3005BDCC8 /* IWeather.h */ = {isa = PBXFileReference; fileEncoding = 4; lastKnownFileType = sourcecode.c.h; path = IWeather.h; sourceTree = "<group>"; };
		03C08A781B5744D3005BDCC8 /* IWeather.m */ = {isa = PBXFileReference; fileEncoding = 4; lastKnownFileType = sourcecode.c.objc; path = IWeather.m; sourceTree = "<group>"; };
		03C08A791B5744D3005BDCC8 /* IWeather.xib */ = {isa = PBXFileReference; fileEncoding = 4; lastKnownFileType = file.xib; path = IWeather.xib; sourceTree = "<group>"; };
		03C08A7C1B5762FA005BDCC8 /* IAmRich.h */ = {isa = PBXFileReference; fileEncoding = 4; lastKnownFileType = sourcecode.c.h; path = IAmRich.h; sourceTree = "<group>"; };
		03C08A7D1B5762FA005BDCC8 /* IAmRich.m */ = {isa = PBXFileReference; fileEncoding = 4; lastKnownFileType = sourcecode.c.objc; path = IAmRich.m; sourceTree = "<group>"; };
		03C08A7E1B5762FA005BDCC8 /* IAmRich.xib */ = {isa = PBXFileReference; fileEncoding = 4; lastKnownFileType = file.xib; path = IAmRich.xib; sourceTree = "<group>"; };
		03C08A811B576868005BDCC8 /* RunningLED.h */ = {isa = PBXFileReference; fileEncoding = 4; lastKnownFileType = sourcecode.c.h; path = RunningLED.h; sourceTree = "<group>"; };
		03C08A821B576868005BDCC8 /* RunningLED.m */ = {isa = PBXFileReference; fileEncoding = 4; lastKnownFileType = sourcecode.c.objc; path = RunningLED.m; sourceTree = "<group>"; };
		03C08A831B576868005BDCC8 /* RunningLED.xib */ = {isa = PBXFileReference; fileEncoding = 4; lastKnownFileType = file.xib; path = RunningLED.xib; sourceTree = "<group>"; };
		03C9EDDB1B576DC5007C0F9D /* darkBall.png */ = {isa = PBXFileReference; lastKnownFileType = image.png; path = darkBall.png; sourceTree = "<group>"; };
		03C9EDDC1B576DC5007C0F9D /* lightball.png */ = {isa = PBXFileReference; lastKnownFileType = image.png; path = lightball.png; sourceTree = "<group>"; };
		03C9EDE21B578456007C0F9D /* ZigZag.h */ = {isa = PBXFileReference; fileEncoding = 4; lastKnownFileType = sourcecode.c.h; path = ZigZag.h; sourceTree = "<group>"; };
		03C9EDE31B578456007C0F9D /* ZigZag.m */ = {isa = PBXFileReference; fileEncoding = 4; lastKnownFileType = sourcecode.c.objc; path = ZigZag.m; sourceTree = "<group>"; };
		03C9EDE61B589673007C0F9D /* Collection.h */ = {isa = PBXFileReference; fileEncoding = 4; lastKnownFileType = sourcecode.c.h; path = Collection.h; sourceTree = "<group>"; };
		03C9EDE71B589673007C0F9D /* Collection.m */ = {isa = PBXFileReference; fileEncoding = 4; lastKnownFileType = sourcecode.c.objc; path = Collection.m; sourceTree = "<group>"; };
		03C9EDEC1B58E712007C0F9D /* Player.h */ = {isa = PBXFileReference; fileEncoding = 4; lastKnownFileType = sourcecode.c.h; path = Player.h; sourceTree = "<group>"; };
		03C9EDED1B58E712007C0F9D /* Player.m */ = {isa = PBXFileReference; fileEncoding = 4; lastKnownFileType = sourcecode.c.objc; path = Player.m; sourceTree = "<group>"; };
		03F36B901B5600B900E9C812 /* chat.png */ = {isa = PBXFileReference; lastKnownFileType = image.png; path = chat.png; sourceTree = "<group>"; };
		03F6B51E1B54A53F00E9B3FE /* TechMasterMainProgram.app */ = {isa = PBXFileReference; explicitFileType = wrapper.application; includeInIndex = 0; path = TechMasterMainProgram.app; sourceTree = BUILT_PRODUCTS_DIR; };
		03F6B5221B54A53F00E9B3FE /* Info.plist */ = {isa = PBXFileReference; lastKnownFileType = text.plist.xml; path = Info.plist; sourceTree = "<group>"; };
		03F6B5231B54A53F00E9B3FE /* main.m */ = {isa = PBXFileReference; lastKnownFileType = sourcecode.c.objc; path = main.m; sourceTree = "<group>"; };
		03F6B52E1B54A53F00E9B3FE /* Images.xcassets */ = {isa = PBXFileReference; lastKnownFileType = folder.assetcatalog; path = Images.xcassets; sourceTree = "<group>"; };
		03F6B5311B54A53F00E9B3FE /* Base */ = {isa = PBXFileReference; lastKnownFileType = file.xib; name = Base; path = Base.lproj/LaunchScreen.xib; sourceTree = "<group>"; };
		03F6B5481B54A61A00E9B3FE /* AppDelegate.h */ = {isa = PBXFileReference; fileEncoding = 4; lastKnownFileType = sourcecode.c.h; path = AppDelegate.h; sourceTree = "<group>"; };
		03F6B5491B54A61A00E9B3FE /* AppDelegate.m */ = {isa = PBXFileReference; fileEncoding = 4; lastKnownFileType = sourcecode.c.objc; path = AppDelegate.m; sourceTree = "<group>"; };
		03F6B54A1B54A61A00E9B3FE /* BootLogic.h */ = {isa = PBXFileReference; fileEncoding = 4; lastKnownFileType = sourcecode.c.h; path = BootLogic.h; sourceTree = "<group>"; };
		03F6B54B1B54A61A00E9B3FE /* BootLogic.m */ = {isa = PBXFileReference; fileEncoding = 4; lastKnownFileType = sourcecode.c.objc; path = BootLogic.m; sourceTree = "<group>"; };
		03F6B54C1B54A61A00E9B3FE /* ConsoleScreen.h */ = {isa = PBXFileReference; fileEncoding = 4; lastKnownFileType = sourcecode.c.h; path = ConsoleScreen.h; sourceTree = "<group>"; };
		03F6B54D1B54A61A00E9B3FE /* ConsoleScreen.m */ = {isa = PBXFileReference; fileEncoding = 4; lastKnownFileType = sourcecode.c.objc; path = ConsoleScreen.m; sourceTree = "<group>"; };
		03F6B54E1B54A61A00E9B3FE /* MainScreen.h */ = {isa = PBXFileReference; fileEncoding = 4; lastKnownFileType = sourcecode.c.h; path = MainScreen.h; sourceTree = "<group>"; };
		03F6B54F1B54A61A00E9B3FE /* MainScreen.m */ = {isa = PBXFileReference; fileEncoding = 4; lastKnownFileType = sourcecode.c.objc; path = MainScreen.m; sourceTree = "<group>"; };
		03F6B5601B54B7CC00E9B3FE /* background.png */ = {isa = PBXFileReference; lastKnownFileType = image.png; path = background.png; sourceTree = "<group>"; };
		03F6B5611B54B7CC00E9B3FE /* MaxSpeaker.png */ = {isa = PBXFileReference; lastKnownFileType = image.png; path = MaxSpeaker.png; sourceTree = "<group>"; };
		03F6B5621B54B7CC00E9B3FE /* maxtrack.png */ = {isa = PBXFileReference; lastKnownFileType = image.png; path = maxtrack.png; sourceTree = "<group>"; };
		03F6B5631B54B7CC00E9B3FE /* mintrack.png */ = {isa = PBXFileReference; lastKnownFileType = image.png; path = mintrack.png; sourceTree = "<group>"; };
		03F6B5641B54B7CC00E9B3FE /* MuteSpeaker.png */ = {isa = PBXFileReference; lastKnownFileType = image.png; path = MuteSpeaker.png; sourceTree = "<group>"; };
		03F6B5651B54B7CC00E9B3FE /* thumb.png */ = {isa = PBXFileReference; lastKnownFileType = image.png; path = thumb.png; sourceTree = "<group>"; };
		03F6B5661B54B7CC00E9B3FE /* track.png */ = {isa = PBXFileReference; lastKnownFileType = image.png; path = track.png; sourceTree = "<group>"; };
/* End PBXFileReference section */

/* Begin PBXFrameworksBuildPhase section */
		03F6B51B1B54A53F00E9B3FE /* Frameworks */ = {
			isa = PBXFrameworksBuildPhase;
			buildActionMask = 2147483647;
			files = (
			);
			runOnlyForDeploymentPostprocessing = 0;
		};
/* End PBXFrameworksBuildPhase section */

/* Begin PBXGroup section */
		03C9EDD61B576BE1007C0F9D /* RunningLEDImage */ = {
			isa = PBXGroup;
			children = (
				03C9EDDB1B576DC5007C0F9D /* darkBall.png */,
				03C9EDDC1B576DC5007C0F9D /* lightball.png */,
			);
			name = RunningLEDImage;
			sourceTree = "<group>";
		};
		03C9EDE51B5895BF007C0F9D /* Array */ = {
			isa = PBXGroup;
			children = (
				03C9EDE61B589673007C0F9D /* Collection.h */,
				03C9EDE71B589673007C0F9D /* Collection.m */,
				03C9EDEC1B58E712007C0F9D /* Player.h */,
				03C9EDED1B58E712007C0F9D /* Player.m */,
			);
			name = Array;
			sourceTree = "<group>";
		};
		03F6B5151B54A53F00E9B3FE = {
			isa = PBXGroup;
			children = (
				03F6B5201B54A53F00E9B3FE /* TechMasterMainProgram */,
				03F6B51F1B54A53F00E9B3FE /* Products */,
			);
			sourceTree = "<group>";
		};
		03F6B51F1B54A53F00E9B3FE /* Products */ = {
			isa = PBXGroup;
			children = (
				03F6B51E1B54A53F00E9B3FE /* TechMasterMainProgram.app */,
			);
			name = Products;
			sourceTree = "<group>";
		};
		03F6B5201B54A53F00E9B3FE /* TechMasterMainProgram */ = {
			isa = PBXGroup;
			children = (
				03C9EDE51B5895BF007C0F9D /* Array */,
				03F6B5541B54A70F00E9B3FE /* Basic */,
				03F6B5471B54A5F500E9B3FE /* Core */,
				03F6B52E1B54A53F00E9B3FE /* Images.xcassets */,
				03F6B5301B54A53F00E9B3FE /* LaunchScreen.xib */,
				03F6B5211B54A53F00E9B3FE /* Supporting Files */,
			);
			path = TechMasterMainProgram;
			sourceTree = "<group>";
		};
		03F6B5211B54A53F00E9B3FE /* Supporting Files */ = {
			isa = PBXGroup;
			children = (
				03F6B5221B54A53F00E9B3FE /* Info.plist */,
				03F6B5231B54A53F00E9B3FE /* main.m */,
			);
			name = "Supporting Files";
			sourceTree = "<group>";
		};
		03F6B5471B54A5F500E9B3FE /* Core */ = {
			isa = PBXGroup;
			children = (
				03F6B5481B54A61A00E9B3FE /* AppDelegate.h */,
				03F6B5491B54A61A00E9B3FE /* AppDelegate.m */,
				03F6B54A1B54A61A00E9B3FE /* BootLogic.h */,
				03F6B54B1B54A61A00E9B3FE /* BootLogic.m */,
				03F6B54C1B54A61A00E9B3FE /* ConsoleScreen.h */,
				03F6B54D1B54A61A00E9B3FE /* ConsoleScreen.m */,
				03F6B54E1B54A61A00E9B3FE /* MainScreen.h */,
				03F6B54F1B54A61A00E9B3FE /* MainScreen.m */,
			);
			name = Core;
			sourceTree = "<group>";
		};
		03F6B5541B54A70F00E9B3FE /* Basic */ = {
			isa = PBXGroup;
			children = (
				03C9EDD61B576BE1007C0F9D /* RunningLEDImage */,
				03F6B55F1B54B7AB00E9B3FE /* SliderImage */,
				03C08A6C1B563F33005BDCC8 /* Slider.h */,
				03C08A6D1B563F33005BDCC8 /* Slider.m */,
				03C9EDE21B578456007C0F9D /* ZigZag.h */,
				03C9EDE31B578456007C0F9D /* ZigZag.m */,
				03C08A6E1B563F33005BDCC8 /* Slider.xib */,
				03C08A771B5744D3005BDCC8 /* IWeather.h */,
				03C08A781B5744D3005BDCC8 /* IWeather.m */,
				03C08A791B5744D3005BDCC8 /* IWeather.xib */,
				03C08A7C1B5762FA005BDCC8 /* IAmRich.h */,
				03C08A7D1B5762FA005BDCC8 /* IAmRich.m */,
				03C08A7E1B5762FA005BDCC8 /* IAmRich.xib */,
				03C08A811B576868005BDCC8 /* RunningLED.h */,
				03C08A821B576868005BDCC8 /* RunningLED.m */,
				03C08A831B576868005BDCC8 /* RunningLED.xib */,
			);
			name = Basic;
			sourceTree = "<group>";
		};
		03F6B55F1B54B7AB00E9B3FE /* SliderImage */ = {
			isa = PBXGroup;
			children = (
				03F6B5601B54B7CC00E9B3FE /* background.png */,
				03F36B901B5600B900E9C812 /* chat.png */,
				03F6B5611B54B7CC00E9B3FE /* MaxSpeaker.png */,
				03F6B5621B54B7CC00E9B3FE /* maxtrack.png */,
				03F6B5631B54B7CC00E9B3FE /* mintrack.png */,
				03F6B5641B54B7CC00E9B3FE /* MuteSpeaker.png */,
				03F6B5651B54B7CC00E9B3FE /* thumb.png */,
				03F6B5661B54B7CC00E9B3FE /* track.png */,
			);
			name = SliderImage;
			sourceTree = "<group>";
		};
/* End PBXGroup section */

/* Begin PBXNativeTarget section */
		03F6B51D1B54A53F00E9B3FE /* TechMasterMainProgram */ = {
			isa = PBXNativeTarget;
			buildConfigurationList = 03F6B5411B54A53F00E9B3FE /* Build configuration list for PBXNativeTarget "TechMasterMainProgram" */;
			buildPhases = (
				03F6B51A1B54A53F00E9B3FE /* Sources */,
				03F6B51B1B54A53F00E9B3FE /* Frameworks */,
				03F6B51C1B54A53F00E9B3FE /* Resources */,
			);
			buildRules = (
			);
			dependencies = (
			);
			name = TechMasterMainProgram;
			productName = TechMasterMainProgram;
			productReference = 03F6B51E1B54A53F00E9B3FE /* TechMasterMainProgram.app */;
			productType = "com.apple.product-type.application";
		};
/* End PBXNativeTarget section */

/* Begin PBXProject section */
		03F6B5161B54A53F00E9B3FE /* Project object */ = {
			isa = PBXProject;
			attributes = {
				LastUpgradeCheck = 0630;
				ORGANIZATIONNAME = GiangNX;
				TargetAttributes = {
					03F6B51D1B54A53F00E9B3FE = {
						CreatedOnToolsVersion = 6.3.1;
					};
				};
			};
			buildConfigurationList = 03F6B5191B54A53F00E9B3FE /* Build configuration list for PBXProject "TechMasterMainProgram" */;
			compatibilityVersion = "Xcode 3.2";
			developmentRegion = English;
			hasScannedForEncodings = 0;
			knownRegions = (
				en,
				Base,
			);
			mainGroup = 03F6B5151B54A53F00E9B3FE;
			productRefGroup = 03F6B51F1B54A53F00E9B3FE /* Products */;
			projectDirPath = "";
			projectRoot = "";
			targets = (
				03F6B51D1B54A53F00E9B3FE /* TechMasterMainProgram */,
			);
		};
/* End PBXProject section */

/* Begin PBXResourcesBuildPhase section */
		03F6B51C1B54A53F00E9B3FE /* Resources */ = {
			isa = PBXResourcesBuildPhase;
			buildActionMask = 2147483647;
			files = (
				03F6B56B1B54B7CC00E9B3FE /* MuteSpeaker.png in Resources */,
				03F6B5691B54B7CC00E9B3FE /* maxtrack.png in Resources */,
				03C08A7B1B5744D3005BDCC8 /* IWeather.xib in Resources */,
				03C9EDDE1B576DC5007C0F9D /* lightball.png in Resources */,
				03F6B5321B54A53F00E9B3FE /* LaunchScreen.xib in Resources */,
				03F36B911B5600B900E9C812 /* chat.png in Resources */,
				03F6B56A1B54B7CC00E9B3FE /* mintrack.png in Resources */,
				03C08A801B5762FA005BDCC8 /* IAmRich.xib in Resources */,
				03F6B5681B54B7CC00E9B3FE /* MaxSpeaker.png in Resources */,
				03F6B5671B54B7CC00E9B3FE /* background.png in Resources */,
				03F6B52F1B54A53F00E9B3FE /* Images.xcassets in Resources */,
				03C9EDDD1B576DC5007C0F9D /* darkBall.png in Resources */,
				03F6B56D1B54B7CC00E9B3FE /* track.png in Resources */,
				03C08A851B576868005BDCC8 /* RunningLED.xib in Resources */,
				03C08A701B563F33005BDCC8 /* Slider.xib in Resources */,
				03F6B56C1B54B7CC00E9B3FE /* thumb.png in Resources */,
			);
			runOnlyForDeploymentPostprocessing = 0;
		};
/* End PBXResourcesBuildPhase section */

/* Begin PBXSourcesBuildPhase section */
		03F6B51A1B54A53F00E9B3FE /* Sources */ = {
			isa = PBXSourcesBuildPhase;
			buildActionMask = 2147483647;
			files = (
				03F6B5511B54A61A00E9B3FE /* BootLogic.m in Sources */,
				03C08A7F1B5762FA005BDCC8 /* IAmRich.m in Sources */,
				03F6B5531B54A61A00E9B3FE /* MainScreen.m in Sources */,
				03C08A841B576868005BDCC8 /* RunningLED.m in Sources */,
				03C9EDEE1B58E712007C0F9D /* Player.m in Sources */,
				03F6B5521B54A61A00E9B3FE /* ConsoleScreen.m in Sources */,
				03F6B5501B54A61A00E9B3FE /* AppDelegate.m in Sources */,
				03C08A6F1B563F33005BDCC8 /* Slider.m in Sources */,
				03C9EDE41B578456007C0F9D /* ZigZag.m in Sources */,
				03F6B5241B54A53F00E9B3FE /* main.m in Sources */,
				03C08A7A1B5744D3005BDCC8 /* IWeather.m in Sources */,
				03C9EDE81B589673007C0F9D /* Collection.m in Sources */,
			);
			runOnlyForDeploymentPostprocessing = 0;
		};
/* End PBXSourcesBuildPhase section */

/* Begin PBXVariantGroup section */
		03F6B5301B54A53F00E9B3FE /* LaunchScreen.xib */ = {
			isa = PBXVariantGroup;
			children = (
				03F6B5311B54A53F00E9B3FE /* Base */,
			);
			name = LaunchScreen.xib;
			sourceTree = "<group>";
		};
/* End PBXVariantGroup section */

/* Begin XCBuildConfiguration section */
		03F6B53F1B54A53F00E9B3FE /* Debug */ = {
			isa = XCBuildConfiguration;
			buildSettings = {
				ALWAYS_SEARCH_USER_PATHS = NO;
				CLANG_CXX_LANGUAGE_STANDARD = "gnu++0x";
				CLANG_CXX_LIBRARY = "libc++";
				CLANG_ENABLE_MODULES = YES;
				CLANG_ENABLE_OBJC_ARC = YES;
				CLANG_WARN_BOOL_CONVERSION = YES;
				CLANG_WARN_CONSTANT_CONVERSION = YES;
				CLANG_WARN_DIRECT_OBJC_ISA_USAGE = YES_ERROR;
				CLANG_WARN_EMPTY_BODY = YES;
				CLANG_WARN_ENUM_CONVERSION = YES;
				CLANG_WARN_INT_CONVERSION = YES;
				CLANG_WARN_OBJC_ROOT_CLASS = YES_ERROR;
				CLANG_WARN_UNREACHABLE_CODE = YES;
				CLANG_WARN__DUPLICATE_METHOD_MATCH = YES;
				"CODE_SIGN_IDENTITY[sdk=iphoneos*]" = "iPhone Developer";
				COPY_PHASE_STRIP = NO;
				DEBUG_INFORMATION_FORMAT = "dwarf-with-dsym";
				ENABLE_STRICT_OBJC_MSGSEND = YES;
				GCC_C_LANGUAGE_STANDARD = gnu99;
				GCC_DYNAMIC_NO_PIC = NO;
				GCC_NO_COMMON_BLOCKS = YES;
				GCC_OPTIMIZATION_LEVEL = 0;
				GCC_PREPROCESSOR_DEFINITIONS = (
					"DEBUG=1",
					"$(inherited)",
				);
				GCC_SYMBOLS_PRIVATE_EXTERN = NO;
				GCC_WARN_64_TO_32_BIT_CONVERSION = YES;
				GCC_WARN_ABOUT_RETURN_TYPE = YES_ERROR;
				GCC_WARN_UNDECLARED_SELECTOR = YES;
				GCC_WARN_UNINITIALIZED_AUTOS = YES_AGGRESSIVE;
				GCC_WARN_UNUSED_FUNCTION = YES;
				GCC_WARN_UNUSED_VARIABLE = YES;
				IPHONEOS_DEPLOYMENT_TARGET = 8.3;
				MTL_ENABLE_DEBUG_INFO = YES;
				ONLY_ACTIVE_ARCH = YES;
				SDKROOT = iphoneos;
			};
			name = Debug;
		};
		03F6B5401B54A53F00E9B3FE /* Release */ = {
			isa = XCBuildConfiguration;
			buildSettings = {
				ALWAYS_SEARCH_USER_PATHS = NO;
				CLANG_CXX_LANGUAGE_STANDARD = "gnu++0x";
				CLANG_CXX_LIBRARY = "libc++";
				CLANG_ENABLE_MODULES = YES;
				CLANG_ENABLE_OBJC_ARC = YES;
				CLANG_WARN_BOOL_CONVERSION = YES;
				CLANG_WARN_CONSTANT_CONVERSION = YES;
				CLANG_WARN_DIRECT_OBJC_ISA_USAGE = YES_ERROR;
				CLANG_WARN_EMPTY_BODY = YES;
				CLANG_WARN_ENUM_CONVERSION = YES;
				CLANG_WARN_INT_CONVERSION = YES;
				CLANG_WARN_OBJC_ROOT_CLASS = YES_ERROR;
				CLANG_WARN_UNREACHABLE_CODE = YES;
				CLANG_WARN__DUPLICATE_METHOD_MATCH = YES;
				"CODE_SIGN_IDENTITY[sdk=iphoneos*]" = "iPhone Developer";
				COPY_PHASE_STRIP = NO;
				DEBUG_INFORMATION_FORMAT = "dwarf-with-dsym";
				ENABLE_NS_ASSERTIONS = NO;
				ENABLE_STRICT_OBJC_MSGSEND = YES;
				GCC_C_LANGUAGE_STANDARD = gnu99;
				GCC_NO_COMMON_BLOCKS = YES;
				GCC_WARN_64_TO_32_BIT_CONVERSION = YES;
				GCC_WARN_ABOUT_RETURN_TYPE = YES_ERROR;
				GCC_WARN_UNDECLARED_SELECTOR = YES;
				GCC_WARN_UNINITIALIZED_AUTOS = YES_AGGRESSIVE;
				GCC_WARN_UNUSED_FUNCTION = YES;
				GCC_WARN_UNUSED_VARIABLE = YES;
				IPHONEOS_DEPLOYMENT_TARGET = 8.3;
				MTL_ENABLE_DEBUG_INFO = NO;
				SDKROOT = iphoneos;
				VALIDATE_PRODUCT = YES;
			};
			name = Release;
		};
		03F6B5421B54A53F00E9B3FE /* Debug */ = {
			isa = XCBuildConfiguration;
			buildSettings = {
				ASSETCATALOG_COMPILER_APPICON_NAME = AppIcon;
				INFOPLIST_FILE = TechMasterMainProgram/Info.plist;
				IPHONEOS_DEPLOYMENT_TARGET = 8.2;
				LD_RUNPATH_SEARCH_PATHS = "$(inherited) @executable_path/Frameworks";
				PRODUCT_NAME = "$(TARGET_NAME)";
			};
			name = Debug;
		};
		03F6B5431B54A53F00E9B3FE /* Release */ = {
			isa = XCBuildConfiguration;
			buildSettings = {
				ASSETCATALOG_COMPILER_APPICON_NAME = AppIcon;
				INFOPLIST_FILE = TechMasterMainProgram/Info.plist;
				IPHONEOS_DEPLOYMENT_TARGET = 8.2;
				LD_RUNPATH_SEARCH_PATHS = "$(inherited) @executable_path/Frameworks";
				PRODUCT_NAME = "$(TARGET_NAME)";
			};
			name = Release;
		};
/* End XCBuildConfiguration section */

/* Begin XCConfigurationList section */
		03F6B5191B54A53F00E9B3FE /* Build configuration list for PBXProject "TechMasterMainProgram" */ = {
			isa = XCConfigurationList;
			buildConfigurations = (
				03F6B53F1B54A53F00E9B3FE /* Debug */,
				03F6B5401B54A53F00E9B3FE /* Release */,
			);
			defaultConfigurationIsVisible = 0;
			defaultConfigurationName = Release;
		};
		03F6B5411B54A53F00E9B3FE /* Build configuration list for PBXNativeTarget "TechMasterMainProgram" */ = {
			isa = XCConfigurationList;
			buildConfigurations = (
				03F6B5421B54A53F00E9B3FE /* Debug */,
				03F6B5431B54A53F00E9B3FE /* Release */,
			);
			defaultConfigurationIsVisible = 0;
			defaultConfigurationName = Release;
		};
/* End XCConfigurationList section */
	};
	rootObject = 03F6B5161B54A53F00E9B3FE /* Project object */;
}
